
Microsoft Visual Studio Solution File, Format Version 12.00
# Visual Studio Version 16
VisualStudioVersion = 16.0.31321.278
MinimumVisualStudioVersion = 10.0.40219.1
Project("{FAE04EC0-301F-11D3-BF4B-00C04F79EFBC}") = "MuseumFund", "MuseumFund\MuseumFund.csproj", "{630E6738-C216-4FC4-A895-9EBD5C296EA6}"
EndProject
Global
	GlobalSection(SolutionConfigurationPlatforms) = preSolution
		Debug|Any CPU = Debug|Any CPU
		Release|Any CPU = Release|Any CPU
	EndGlobalSection
	GlobalSection(ProjectConfigurationPlatforms) = postSolution
		{630E6738-C216-4FC4-A895-9EBD5C296EA6}.Debug|Any CPU.ActiveCfg = Debug|Any CPU
		{630E6738-C216-4FC4-A895-9EBD5C296EA6}.Debug|Any CPU.Build.0 = Debug|Any CPU
		{630E6738-C216-4FC4-A895-9EBD5C296EA6}.Release|Any CPU.ActiveCfg = Release|Any CPU
		{630E6738-C216-4FC4-A895-9EBD5C296EA6}.Release|Any CPU.Build.0 = Release|Any CPU
	EndGlobalSection
	GlobalSection(SolutionProperties) = preSolution
		HideSolutionNode = FALSE
	EndGlobalSection
	GlobalSection(ExtensibilityGlobals) = postSolution
		SolutionGuid = {7CC8B48F-F117-4450-A5A5-E0D5B68B2FD3}
	EndGlobalSection
EndGlobal
